<?xml version="1.0" encoding="utf-8"?>
<Project ToolsVersion="4.0" xmlns="http://schemas.microsoft.com/developer/msbuild/2003">
  <ItemGroup>
    <Filter Include="Исходные файлы">
      <UniqueIdentifier>{4FC737F1-C7A5-4376-A066-2A32D752A2FF}</UniqueIdentifier>
      <Extensions>cpp;c;cc;cxx;c++;cppm;ixx;def;odl;idl;hpj;bat;asm;asmx</Extensions>
    </Filter>
    <Filter Include="Файлы заголовков">
      <UniqueIdentifier>{93995380-89BD-4b04-88EB-625FBE52EBFB}</UniqueIdentifier>
      <Extensions>h;hh;hpp;hxx;h++;hm;inl;inc;ipp;xsd</Extensions>
    </Filter>
    <Filter Include="Файлы ресурсов">
      <UniqueIdentifier>{67DA6AB6-F800-4c08-8B7A-83BB121AAD01}</UniqueIdentifier>
      <Extensions>rc;ico;cur;bmp;dlg;rc2;rct;bin;rgs;gif;jpg;jpeg;jpe;resx;tiff;tif;png;wav;mfcribbon-ms</Extensions>
    </Filter>
  </ItemGroup>
  <ItemGroup>
    <ClCompile Include="main.cpp">
      <Filter>Исходные файлы</Filter>
    </ClCompile>
  </ItemGroup>
  <ItemGroup>
    <ClInclude Include="lib\Document\IDocument.h">
      <Filter>Файлы заголовков</Filter>
    </ClInclude>
    <ClInclude Include="lib\Document\CHtmlDocument.h">
      <Filter>Файлы заголовков</Filter>
    </ClInclude>
    <ClInclude Include="lib\Document\DocumentItem\Image\IImage.h">
      <Filter>Файлы заголовков</Filter>
    </ClInclude>
    <ClInclude Include="lib\Document\DocumentItem\Image\CImage.h">
      <Filter>Файлы заголовков</Filter>
    </ClInclude>
    <ClInclude Include="lib\Document\DocumentItem\Paragraph\IParagraph.h">
      <Filter>Файлы заголовков</Filter>
    </ClInclude>
    <ClInclude Include="lib\Document\DocumentItem\Paragraph\CParagraph.h">
      <Filter>Файлы заголовков</Filter>
    </ClInclude>
    <ClInclude Include="lib\History\ICommandHistory.h">
      <Filter>Файлы заголовков</Filter>
    </ClInclude>
    <ClInclude Include="lib\History\CCommandHistory.h">
      <Filter>Файлы заголовков</Filter>
    </ClInclude>
    <ClInclude Include="lib\Document\DocumentItem\CDocumentItem.h">
      <Filter>Файлы заголовков</Filter>
    </ClInclude>
    <ClInclude Include="lib\Command\IDocumentCommand.h">
      <Filter>Файлы заголовков</Filter>
    </ClInclude>
    <ClInclude Include="lib\ConsoleController\Commands\InsertParagraphCommand.h">
      <Filter>Файлы заголовков</Filter>
    </ClInclude>
    <ClInclude Include="lib\ConsoleController\Commands\InsertImageCommand.h">
      <Filter>Файлы заголовков</Filter>
    </ClInclude>
    <ClInclude Include="lib\ConsoleController\Commands\SetTitleCommand.h">
      <Filter>Файлы заголовков</Filter>
    </ClInclude>
    <ClInclude Include="lib\ConsoleController\Commands\ListCommand.h">
      <Filter>Файлы заголовков</Filter>
    </ClInclude>
    <ClInclude Include="lib\ConsoleController\Commands\ReplaceTextCommand.h">
      <Filter>Файлы заголовков</Filter>
    </ClInclude>
    <ClInclude Include="lib\ConsoleController\Commands\ResizeImageCommand.h">
      <Filter>Файлы заголовков</Filter>
    </ClInclude>
    <ClInclude Include="lib\ConsoleController\Commands\DeleteItemCommand.h">
      <Filter>Файлы заголовков</Filter>
    </ClInclude>
    <ClInclude Include="lib\ConsoleController\Commands\HelpCommand.h">
      <Filter>Файлы заголовков</Filter>
    </ClInclude>
    <ClInclude Include="lib\ConsoleController\Commands\UndoCommand.h">
      <Filter>Файлы заголовков</Filter>
    </ClInclude>
    <ClInclude Include="lib\ConsoleController\Commands\RedoCommand.h">
      <Filter>Файлы заголовков</Filter>
    </ClInclude>
    <ClInclude Include="lib\ConsoleController\Commands\SaveCommand.h">
      <Filter>Файлы заголовков</Filter>
    </ClInclude>
    <ClInclude Include="lib\Command\CDocumentCommand.h">
      <Filter>Файлы заголовков</Filter>
    </ClInclude>
    <ClInclude Include="lib\ConsoleController\ConsoleController.h">
      <Filter>Файлы заголовков</Filter>
    </ClInclude>
    <ClInclude Include="lib\Document\Commands\SetTitleDocumentCommand.h">
      <Filter>Файлы заголовков</Filter>
    </ClInclude>
    <ClInclude Include="lib\Document\Commands\DeleteItemDocumentCommand.h">
      <Filter>Файлы заголовков</Filter>
    </ClInclude>
    <ClInclude Include="lib\Document\Commands\InsertImageDocumentCommand.h">
      <Filter>Файлы заголовков</Filter>
    </ClInclude>
    <ClInclude Include="lib\Document\Commands\InsertParagraphDocumentCommand.h">
      <Filter>Файлы заголовков</Filter>
    </ClInclude>
    <ClInclude Include="lib\System\IFileSystemServices.h">
      <Filter>Файлы заголовков</Filter>
    </ClInclude>
    <ClInclude Include="lib\System\CFileSystemServices.h">
      <Filter>Файлы заголовков</Filter>
    </ClInclude>
    <ClInclude Include="lib\Document\Commands\ResizeImageDocumentCommand.h">
      <Filter>Файлы заголовков</Filter>
    </ClInclude>
    <ClInclude Include="lib\Document\Commands\ReplaceTextDocumentCommand.h">
      <Filter>Файлы заголовков</Filter>
    </ClInclude>
    <ClInclude Include="lib\Command\IConsoleCommand.h">
      <Filter>Файлы заголовков</Filter>
    </ClInclude>
    <ClInclude Include="lib\Command\CConsoleCommand.h">
      <Filter>Файлы заголовков</Filter>
    </ClInclude>
    <ClInclude Include="lib\ConsoleController\Commands\ConsoleCommandType.h">
      <Filter>Файлы заголовков</Filter>
    </ClInclude>
    <ClInclude Include="lib\ConsoleController\ConsoleControllerItem.h">
      <Filter>Файлы заголовков</Filter>
    </ClInclude>
  </ItemGroup>
  <ItemGroup>
    <None Include="ClassDiagram.cd" />
    <None Include="ClassDiagram1.cd" />
  </ItemGroup>
</Project>