<?xml version="1.0" encoding="utf-8"?>
<Project ToolsVersion="4.0" xmlns="http://schemas.microsoft.com/developer/msbuild/2003">
  <ItemGroup>
    <Filter Include="Исходные файлы">
      <UniqueIdentifier>{4FC737F1-C7A5-4376-A066-2A32D752A2FF}</UniqueIdentifier>
      <Extensions>cpp;c;cc;cxx;c++;cppm;ixx;def;odl;idl;hpj;bat;asm;asmx</Extensions>
    </Filter>
    <Filter Include="Файлы заголовков">
      <UniqueIdentifier>{93995380-89BD-4b04-88EB-625FBE52EBFB}</UniqueIdentifier>
      <Extensions>h;hh;hpp;hxx;h++;hm;inl;inc;ipp;xsd</Extensions>
    </Filter>
    <Filter Include="Файлы ресурсов">
      <UniqueIdentifier>{67DA6AB6-F800-4c08-8B7A-83BB121AAD01}</UniqueIdentifier>
      <Extensions>rc;ico;cur;bmp;dlg;rc2;rct;bin;rgs;gif;jpg;jpeg;jpe;resx;tiff;tif;png;wav;mfcribbon-ms</Extensions>
    </Filter>
  </ItemGroup>
  <ItemGroup>
    <ClCompile Include="main.cpp">
      <Filter>Исходные файлы</Filter>
    </ClCompile>
    <ClCompile Include="lib\ShapeGroup\CShapeGroupEnumerator.h">
      <Filter>Исходные файлы</Filter>
    </ClCompile>
  </ItemGroup>
  <ItemGroup>
    <ClInclude Include="lib\Shape\IShape.h">
      <Filter>Файлы заголовков</Filter>
    </ClInclude>
    <ClInclude Include="lib\Shape\CShape.h">
      <Filter>Файлы заголовков</Filter>
    </ClInclude>
    <ClInclude Include="lib\ShapeGroup\CShapeGroup.h">
      <Filter>Файлы заголовков</Filter>
    </ClInclude>
    <ClInclude Include="lib\Canvas\ICanvas.h">
      <Filter>Файлы заголовков</Filter>
    </ClInclude>
    <ClInclude Include="lib\Canvas\CSvgCanvas.h">
      <Filter>Файлы заголовков</Filter>
    </ClInclude>
    <ClInclude Include="lib\Shape\CFrame.h">
      <Filter>Файлы заголовков</Filter>
    </ClInclude>
    <ClInclude Include="lib\Canvas\Point.h">
      <Filter>Файлы заголовков</Filter>
    </ClInclude>
    <ClInclude Include="lib\Canvas\RGBA.h">
      <Filter>Файлы заголовков</Filter>
    </ClInclude>
    <ClInclude Include="lib\Shape\Shapes\CTriangle.h">
      <Filter>Файлы заголовков</Filter>
    </ClInclude>
    <ClInclude Include="lib\Shape\Shapes\CRectangle.h">
      <Filter>Файлы заголовков</Filter>
    </ClInclude>
    <ClInclude Include="lib\Shape\Shapes\CEllipse.h">
      <Filter>Файлы заголовков</Filter>
    </ClInclude>
    <ClInclude Include="lib\Shape\IFillStyle.h">
      <Filter>Файлы заголовков</Filter>
    </ClInclude>
    <ClInclude Include="lib\Shape\CFillStyle.h">
      <Filter>Файлы заголовков</Filter>
    </ClInclude>
    <ClInclude Include="lib\Shape\CShapeFillStyle.h">
      <Filter>Файлы заголовков</Filter>
    </ClInclude>
    <ClInclude Include="lib\ShapeGroup\CShapeGroupLineStyle.h">
      <Filter>Файлы заголовков</Filter>
    </ClInclude>
    <ClInclude Include="lib\ShapeGroup\CShapeGroupFillStyle.h">
      <Filter>Файлы заголовков</Filter>
    </ClInclude>
    <ClInclude Include="lib\Slide\ISlide.h">
      <Filter>Файлы заголовков</Filter>
    </ClInclude>
    <ClInclude Include="lib\Slide\CSlide.h">
      <Filter>Файлы заголовков</Filter>
    </ClInclude>
    <ClInclude Include="lib\Shape\Factory\CShapeFactory.h">
      <Filter>Файлы заголовков</Filter>
    </ClInclude>
    <ClInclude Include="lib\Shape\Shapes\ShapeType.h">
      <Filter>Файлы заголовков</Filter>
    </ClInclude>
    <ClInclude Include="lib\Shape\ILineStyle.h">
      <Filter>Файлы заголовков</Filter>
    </ClInclude>
    <ClInclude Include="lib\Shape\CShapeLineStyle.h">
      <Filter>Файлы заголовков</Filter>
    </ClInclude>
    <ClInclude Include="lib\Menu\Menu.h">
      <Filter>Файлы заголовков</Filter>
    </ClInclude>
    <ClInclude Include="lib\ShapeGroup\IShapeGroupEnumerator.h">
      <Filter>Файлы заголовков</Filter>
    </ClInclude>
    <ClInclude Include="lib\Menu\Commands\AddShapeCommand.h">
      <Filter>Файлы заголовков</Filter>
    </ClInclude>
    <ClInclude Include="lib\Menu\Commands\DeleteShapeCommand.h">
      <Filter>Файлы заголовков</Filter>
    </ClInclude>
    <ClInclude Include="lib\Menu\Commands\CreateGroupCommand.h">
      <Filter>Файлы заголовков</Filter>
    </ClInclude>
    <ClInclude Include="lib\Menu\Commands\UngroupCommand.h">
      <Filter>Файлы заголовков</Filter>
    </ClInclude>
    <ClInclude Include="lib\Menu\Commands\SetFillColorCommand.h">
      <Filter>Файлы заголовков</Filter>
    </ClInclude>
    <ClInclude Include="lib\Menu\Commands\SetLineColorCommand.h">
      <Filter>Файлы заголовков</Filter>
    </ClInclude>
    <ClInclude Include="lib\Menu\Commands\SetLineWidthCommand.h">
      <Filter>Файлы заголовков</Filter>
    </ClInclude>
    <ClInclude Include="lib\Menu\Commands\DisableFillStyleCommand.h">
      <Filter>Файлы заголовков</Filter>
    </ClInclude>
    <ClInclude Include="lib\Menu\Commands\ListCommand.h">
      <Filter>Файлы заголовков</Filter>
    </ClInclude>
    <ClInclude Include="lib\Menu\Commands\DisableLineStyleCommand.h">
      <Filter>Файлы заголовков</Filter>
    </ClInclude>
    <ClInclude Include="lib\Menu\Commands\DrawCommand.h">
      <Filter>Файлы заголовков</Filter>
    </ClInclude>
    <ClInclude Include="lib\Menu\Commands\HelpCommand.h">
      <Filter>Файлы заголовков</Filter>
    </ClInclude>
    <ClInclude Include="lib\Menu\Commands\SetFrameCommand.h">
      <Filter>Файлы заголовков</Filter>
    </ClInclude>
    <ClInclude Include="lib\Menu\Commands\ExitCommand.h">
      <Filter>Файлы заголовков</Filter>
    </ClInclude>
  </ItemGroup>
</Project>