
Microsoft Visual Studio Solution File, Format Version 12.00
# Visual Studio Version 17
VisualStudioVersion = 17.7.34031.279
MinimumVisualStudioVersion = 10.0.40219.1
Project("{8BC9CEB8-8B4A-11D0-8D11-00A0C91BC942}") = "MVXX", "MVXX.vcxproj", "{E0C1D160-778A-4827-9E22-2F368C05BD23}"
EndProject
Project("{8BC9CEB8-8B4A-11D0-8D11-00A0C91BC942}") = "MVXX_tests", "..\MVXX_tests\MVXX_tests.vcxproj", "{7BC026E0-A807-43DB-91C6-1D5120616741}"
EndProject
Global
	GlobalSection(SolutionConfigurationPlatforms) = preSolution
		Debug|x64 = Debug|x64
		Debug|x86 = Debug|x86
		Release|x64 = Release|x64
		Release|x86 = Release|x86
	EndGlobalSection
	GlobalSection(ProjectConfigurationPlatforms) = postSolution
		{E0C1D160-778A-4827-9E22-2F368C05BD23}.Debug|x64.ActiveCfg = Debug|x64
		{E0C1D160-778A-4827-9E22-2F368C05BD23}.Debug|x64.Build.0 = Debug|x64
		{E0C1D160-778A-4827-9E22-2F368C05BD23}.Debug|x86.ActiveCfg = Debug|Win32
		{E0C1D160-778A-4827-9E22-2F368C05BD23}.Debug|x86.Build.0 = Debug|Win32
		{E0C1D160-778A-4827-9E22-2F368C05BD23}.Release|x64.ActiveCfg = Release|x64
		{E0C1D160-778A-4827-9E22-2F368C05BD23}.Release|x64.Build.0 = Release|x64
		{E0C1D160-778A-4827-9E22-2F368C05BD23}.Release|x86.ActiveCfg = Release|Win32
		{E0C1D160-778A-4827-9E22-2F368C05BD23}.Release|x86.Build.0 = Release|Win32
		{7BC026E0-A807-43DB-91C6-1D5120616741}.Debug|x64.ActiveCfg = Debug|x64
		{7BC026E0-A807-43DB-91C6-1D5120616741}.Debug|x64.Build.0 = Debug|x64
		{7BC026E0-A807-43DB-91C6-1D5120616741}.Debug|x86.ActiveCfg = Debug|Win32
		{7BC026E0-A807-43DB-91C6-1D5120616741}.Debug|x86.Build.0 = Debug|Win32
		{7BC026E0-A807-43DB-91C6-1D5120616741}.Release|x64.ActiveCfg = Release|x64
		{7BC026E0-A807-43DB-91C6-1D5120616741}.Release|x64.Build.0 = Release|x64
		{7BC026E0-A807-43DB-91C6-1D5120616741}.Release|x86.ActiveCfg = Release|Win32
		{7BC026E0-A807-43DB-91C6-1D5120616741}.Release|x86.Build.0 = Release|Win32
	EndGlobalSection
	GlobalSection(SolutionProperties) = preSolution
		HideSolutionNode = FALSE
	EndGlobalSection
	GlobalSection(ExtensibilityGlobals) = postSolution
		SolutionGuid = {68B5AAB7-E77F-49AC-A8F4-237ED54DC483}
	EndGlobalSection
EndGlobal
