<?xml version="1.0" encoding="utf-8"?>
<Project ToolsVersion="4.0" xmlns="http://schemas.microsoft.com/developer/msbuild/2003">
  <ItemGroup>
    <Filter Include="Исходные файлы">
      <UniqueIdentifier>{4FC737F1-C7A5-4376-A066-2A32D752A2FF}</UniqueIdentifier>
      <Extensions>cpp;c;cc;cxx;c++;cppm;ixx;def;odl;idl;hpj;bat;asm;asmx</Extensions>
    </Filter>
    <Filter Include="Файлы заголовков">
      <UniqueIdentifier>{93995380-89BD-4b04-88EB-625FBE52EBFB}</UniqueIdentifier>
      <Extensions>h;hh;hpp;hxx;h++;hm;inl;inc;ipp;xsd</Extensions>
    </Filter>
    <Filter Include="Файлы ресурсов">
      <UniqueIdentifier>{67DA6AB6-F800-4c08-8B7A-83BB121AAD01}</UniqueIdentifier>
      <Extensions>rc;ico;cur;bmp;dlg;rc2;rct;bin;rgs;gif;jpg;jpeg;jpe;resx;tiff;tif;png;wav;mfcribbon-ms</Extensions>
    </Filter>
  </ItemGroup>
  <ItemGroup>
    <ClCompile Include="main.cpp">
      <Filter>Исходные файлы</Filter>
    </ClCompile>
    <ClCompile Include="lib\shapes\shape\Shape.h">
      <Filter>Исходные файлы</Filter>
    </ClCompile>
    <ClCompile Include="lib\shapes\shape\drawingStrategy\TextShapeStrategy.h">
      <Filter>Исходные файлы</Filter>
    </ClCompile>
    <ClCompile Include="lib\shapes\shape\drawingStrategy\CircleShapeStrategy.h">
      <Filter>Исходные файлы</Filter>
    </ClCompile>
    <ClCompile Include="lib\shapes\shape\drawingStrategy\TriangleShapeStrategy.h">
      <Filter>Исходные файлы</Filter>
    </ClCompile>
    <ClCompile Include="lib\shapes\shape\drawingStrategy\RectangleShapeStrategy.h">
      <Filter>Исходные файлы</Filter>
    </ClCompile>
    <ClCompile Include="lib\canvas\ICanvas.h">
      <Filter>Исходные файлы</Filter>
    </ClCompile>
    <ClCompile Include="lib\shapes\shape\drawingStrategy\IShapeStrategy.h">
      <Filter>Исходные файлы</Filter>
    </ClCompile>
    <ClCompile Include="lib\canvas\SvgCanvas.h">
      <Filter>Файлы заголовков</Filter>
    </ClCompile>
    <ClCompile Include="lib\commandController\CommandController.h">
      <Filter>Файлы заголовков</Filter>
    </ClCompile>
    <ClCompile Include="lib\commandController\command\ChangeColorCommand.h">
      <Filter>Файлы заголовков</Filter>
    </ClCompile>
    <ClCompile Include="lib\commandController\command\DeleteShapeCommand.h">
      <Filter>Файлы заголовков</Filter>
    </ClCompile>
    <ClCompile Include="lib\commandController\command\DrawPictureCommand.h">
      <Filter>Файлы заголовков</Filter>
    </ClCompile>
    <ClCompile Include="lib\commandController\command\DrawShapeCommand.h">
      <Filter>Файлы заголовков</Filter>
    </ClCompile>
    <ClCompile Include="lib\commandController\command\ListCommand.h">
      <Filter>Файлы заголовков</Filter>
    </ClCompile>
    <ClCompile Include="lib\commandController\command\MovePictureCommand.h">
      <Filter>Файлы заголовков</Filter>
    </ClCompile>
    <ClCompile Include="lib\commandController\command\MoveShapeCommand.h">
      <Filter>Файлы заголовков</Filter>
    </ClCompile>
    <ClCompile Include="lib\shapes\Picture.h">
      <Filter>Файлы заголовков</Filter>
    </ClCompile>
  </ItemGroup>
  <ItemGroup>
    <ClInclude Include="lib\canvas\Color.h">
      <Filter>Файлы заголовков</Filter>
    </ClInclude>
    <ClInclude Include="lib\canvas\Point.h">
      <Filter>Файлы заголовков</Filter>
    </ClInclude>
    <ClInclude Include="lib\commandController\command\AddShapeCommand.h">
      <Filter>Файлы заголовков</Filter>
    </ClInclude>
    <ClInclude Include="lib\commandController\command\ChangeShapeCommand.h">
      <Filter>Файлы заголовков</Filter>
    </ClInclude>
    <ClInclude Include="lib\commandController\command\ICommand.h">
      <Filter>Файлы заголовков</Filter>
    </ClInclude>
    <ClInclude Include="lib\shapes\shape\drawingStrategy\LineShapeStrategy.h">
      <Filter>Файлы заголовков</Filter>
    </ClInclude>
    <ClInclude Include="lib\shapes\shape\drawingStrategy\factory\ShapeStrategyFactory.h">
      <Filter>Файлы заголовков</Filter>
    </ClInclude>
    <ClInclude Include="lib\commandController\command\HelpCommand.h">
      <Filter>Файлы заголовков</Filter>
    </ClInclude>
    <ClInclude Include="lib\shapes\shape\ShapeType.h">
      <Filter>Файлы заголовков</Filter>
    </ClInclude>
  </ItemGroup>
</Project>