
Microsoft Visual Studio Solution File, Format Version 12.00
# Visual Studio Version 17
VisualStudioVersion = 17.7.34031.279
MinimumVisualStudioVersion = 10.0.40219.1
Project("{8BC9CEB8-8B4A-11D0-8D11-00A0C91BC942}") = "State", "State\State.vcxproj", "{FC1C673E-C746-4E14-B22D-7B68B96457DA}"
EndProject
Project("{8BC9CEB8-8B4A-11D0-8D11-00A0C91BC942}") = "State_tests", "State_tests\State_tests.vcxproj", "{BA4039F7-7D58-4C82-9157-48213651E6F4}"
EndProject
Project("{8BC9CEB8-8B4A-11D0-8D11-00A0C91BC942}") = "StateWithFifthCoins", "StateWithFifthCoins\StateWithFifthCoins.vcxproj", "{7C97D0BF-463D-450C-8010-BD91FA1FE290}"
EndProject
Project("{8BC9CEB8-8B4A-11D0-8D11-00A0C91BC942}") = "StateWithFifthCoins_tests", "StateWithFifthCoins_tests\StateWithFifthCoins_tests.vcxproj", "{E4881170-8DCC-432D-96D3-0762F05B5A07}"
EndProject
Project("{8BC9CEB8-8B4A-11D0-8D11-00A0C91BC942}") = "StateWithFill", "StateWithFill\StateWithFill.vcxproj", "{B5401E06-C5A5-410F-9D5D-6506329AC5DC}"
EndProject
Project("{8BC9CEB8-8B4A-11D0-8D11-00A0C91BC942}") = "StateWithFill_tests", "StateWithFill_tests\StateWithFill_tests.vcxproj", "{08A58AAD-F3ED-4E11-8ED2-38CFE0372B6D}"
EndProject
Global
	GlobalSection(SolutionConfigurationPlatforms) = preSolution
		Debug|x64 = Debug|x64
		Debug|x86 = Debug|x86
		Release|x64 = Release|x64
		Release|x86 = Release|x86
	EndGlobalSection
	GlobalSection(ProjectConfigurationPlatforms) = postSolution
		{FC1C673E-C746-4E14-B22D-7B68B96457DA}.Debug|x64.ActiveCfg = Debug|x64
		{FC1C673E-C746-4E14-B22D-7B68B96457DA}.Debug|x64.Build.0 = Debug|x64
		{FC1C673E-C746-4E14-B22D-7B68B96457DA}.Debug|x86.ActiveCfg = Debug|Win32
		{FC1C673E-C746-4E14-B22D-7B68B96457DA}.Debug|x86.Build.0 = Debug|Win32
		{FC1C673E-C746-4E14-B22D-7B68B96457DA}.Release|x64.ActiveCfg = Release|x64
		{FC1C673E-C746-4E14-B22D-7B68B96457DA}.Release|x64.Build.0 = Release|x64
		{FC1C673E-C746-4E14-B22D-7B68B96457DA}.Release|x86.ActiveCfg = Release|Win32
		{FC1C673E-C746-4E14-B22D-7B68B96457DA}.Release|x86.Build.0 = Release|Win32
		{BA4039F7-7D58-4C82-9157-48213651E6F4}.Debug|x64.ActiveCfg = Debug|x64
		{BA4039F7-7D58-4C82-9157-48213651E6F4}.Debug|x64.Build.0 = Debug|x64
		{BA4039F7-7D58-4C82-9157-48213651E6F4}.Debug|x86.ActiveCfg = Debug|Win32
		{BA4039F7-7D58-4C82-9157-48213651E6F4}.Debug|x86.Build.0 = Debug|Win32
		{BA4039F7-7D58-4C82-9157-48213651E6F4}.Release|x64.ActiveCfg = Release|x64
		{BA4039F7-7D58-4C82-9157-48213651E6F4}.Release|x64.Build.0 = Release|x64
		{BA4039F7-7D58-4C82-9157-48213651E6F4}.Release|x86.ActiveCfg = Release|Win32
		{BA4039F7-7D58-4C82-9157-48213651E6F4}.Release|x86.Build.0 = Release|Win32
		{7C97D0BF-463D-450C-8010-BD91FA1FE290}.Debug|x64.ActiveCfg = Debug|x64
		{7C97D0BF-463D-450C-8010-BD91FA1FE290}.Debug|x64.Build.0 = Debug|x64
		{7C97D0BF-463D-450C-8010-BD91FA1FE290}.Debug|x86.ActiveCfg = Debug|Win32
		{7C97D0BF-463D-450C-8010-BD91FA1FE290}.Debug|x86.Build.0 = Debug|Win32
		{7C97D0BF-463D-450C-8010-BD91FA1FE290}.Release|x64.ActiveCfg = Release|x64
		{7C97D0BF-463D-450C-8010-BD91FA1FE290}.Release|x64.Build.0 = Release|x64
		{7C97D0BF-463D-450C-8010-BD91FA1FE290}.Release|x86.ActiveCfg = Release|Win32
		{7C97D0BF-463D-450C-8010-BD91FA1FE290}.Release|x86.Build.0 = Release|Win32
		{E4881170-8DCC-432D-96D3-0762F05B5A07}.Debug|x64.ActiveCfg = Debug|x64
		{E4881170-8DCC-432D-96D3-0762F05B5A07}.Debug|x64.Build.0 = Debug|x64
		{E4881170-8DCC-432D-96D3-0762F05B5A07}.Debug|x86.ActiveCfg = Debug|Win32
		{E4881170-8DCC-432D-96D3-0762F05B5A07}.Debug|x86.Build.0 = Debug|Win32
		{E4881170-8DCC-432D-96D3-0762F05B5A07}.Release|x64.ActiveCfg = Release|x64
		{E4881170-8DCC-432D-96D3-0762F05B5A07}.Release|x64.Build.0 = Release|x64
		{E4881170-8DCC-432D-96D3-0762F05B5A07}.Release|x86.ActiveCfg = Release|Win32
		{E4881170-8DCC-432D-96D3-0762F05B5A07}.Release|x86.Build.0 = Release|Win32
		{B5401E06-C5A5-410F-9D5D-6506329AC5DC}.Debug|x64.ActiveCfg = Debug|x64
		{B5401E06-C5A5-410F-9D5D-6506329AC5DC}.Debug|x64.Build.0 = Debug|x64
		{B5401E06-C5A5-410F-9D5D-6506329AC5DC}.Debug|x86.ActiveCfg = Debug|Win32
		{B5401E06-C5A5-410F-9D5D-6506329AC5DC}.Debug|x86.Build.0 = Debug|Win32
		{B5401E06-C5A5-410F-9D5D-6506329AC5DC}.Release|x64.ActiveCfg = Release|x64
		{B5401E06-C5A5-410F-9D5D-6506329AC5DC}.Release|x64.Build.0 = Release|x64
		{B5401E06-C5A5-410F-9D5D-6506329AC5DC}.Release|x86.ActiveCfg = Release|Win32
		{B5401E06-C5A5-410F-9D5D-6506329AC5DC}.Release|x86.Build.0 = Release|Win32
		{08A58AAD-F3ED-4E11-8ED2-38CFE0372B6D}.Debug|x64.ActiveCfg = Debug|x64
		{08A58AAD-F3ED-4E11-8ED2-38CFE0372B6D}.Debug|x64.Build.0 = Debug|x64
		{08A58AAD-F3ED-4E11-8ED2-38CFE0372B6D}.Debug|x86.ActiveCfg = Debug|Win32
		{08A58AAD-F3ED-4E11-8ED2-38CFE0372B6D}.Debug|x86.Build.0 = Debug|Win32
		{08A58AAD-F3ED-4E11-8ED2-38CFE0372B6D}.Release|x64.ActiveCfg = Release|x64
		{08A58AAD-F3ED-4E11-8ED2-38CFE0372B6D}.Release|x64.Build.0 = Release|x64
		{08A58AAD-F3ED-4E11-8ED2-38CFE0372B6D}.Release|x86.ActiveCfg = Release|Win32
		{08A58AAD-F3ED-4E11-8ED2-38CFE0372B6D}.Release|x86.Build.0 = Release|Win32
	EndGlobalSection
	GlobalSection(SolutionProperties) = preSolution
		HideSolutionNode = FALSE
	EndGlobalSection
	GlobalSection(ExtensibilityGlobals) = postSolution
		SolutionGuid = {442B8DA7-9CDE-42E1-AAB0-0528686CE853}
	EndGlobalSection
EndGlobal
